
Microsoft Visual Studio Solution File, Format Version 12.00
# Visual Studio 15
VisualStudioVersion = 15.0.28307.572
MinimumVisualStudioVersion = 10.0.40219.1
Project("{FAE04EC0-301F-11D3-BF4B-00C04F79EFBC}") = "App1.Android", "App1\App1.Android\App1.Android.csproj", "{922A368D-7ABA-4BA5-A355-65DB8A173FB5}"
EndProject
Project("{FAE04EC0-301F-11D3-BF4B-00C04F79EFBC}") = "App1.iOS", "App1\App1.iOS\App1.iOS.csproj", "{D82ABE92-2E62-4061-9466-1EE4EB2EC77F}"
EndProject
Project("{FAE04EC0-301F-11D3-BF4B-00C04F79EFBC}") = "App1", "App1\App1\App1.csproj", "{7D8E3A59-46A4-415B-A74E-7D0505ACA394}"
EndProject
Global
	GlobalSection(SolutionConfigurationPlatforms) = preSolution
		Ad-Hoc|Any CPU = Ad-Hoc|Any CPU
		Ad-Hoc|iPhone = Ad-Hoc|iPhone
		Ad-Hoc|iPhoneSimulator = Ad-Hoc|iPhoneSimulator
		AppStore|Any CPU = AppStore|Any CPU
		AppStore|iPhone = AppStore|iPhone
		AppStore|iPhoneSimulator = AppStore|iPhoneSimulator
		Debug|Any CPU = Debug|Any CPU
		Debug|iPhone = Debug|iPhone
		Debug|iPhoneSimulator = Debug|iPhoneSimulator
		Release|Any CPU = Release|Any CPU
		Release|iPhone = Release|iPhone
		Release|iPhoneSimulator = Release|iPhoneSimulator
	EndGlobalSection
	GlobalSection(ProjectConfigurationPlatforms) = postSolution
		{922A368D-7ABA-4BA5-A355-65DB8A173FB5}.Ad-Hoc|Any CPU.ActiveCfg = Release|Any CPU
		{922A368D-7ABA-4BA5-A355-65DB8A173FB5}.Ad-Hoc|Any CPU.Build.0 = Release|Any CPU
		{922A368D-7ABA-4BA5-A355-65DB8A173FB5}.Ad-Hoc|Any CPU.Deploy.0 = Release|Any CPU
		{922A368D-7ABA-4BA5-A355-65DB8A173FB5}.Ad-Hoc|iPhone.ActiveCfg = Release|Any CPU
		{922A368D-7ABA-4BA5-A355-65DB8A173FB5}.Ad-Hoc|iPhone.Build.0 = Release|Any CPU
		{922A368D-7ABA-4BA5-A355-65DB8A173FB5}.Ad-Hoc|iPhone.Deploy.0 = Release|Any CPU
		{922A368D-7ABA-4BA5-A355-65DB8A173FB5}.Ad-Hoc|iPhoneSimulator.ActiveCfg = Release|Any CPU
		{922A368D-7ABA-4BA5-A355-65DB8A173FB5}.Ad-Hoc|iPhoneSimulator.Build.0 = Release|Any CPU
		{922A368D-7ABA-4BA5-A355-65DB8A173FB5}.Ad-Hoc|iPhoneSimulator.Deploy.0 = Release|Any CPU
		{922A368D-7ABA-4BA5-A355-65DB8A173FB5}.AppStore|Any CPU.ActiveCfg = Release|Any CPU
		{922A368D-7ABA-4BA5-A355-65DB8A173FB5}.AppStore|Any CPU.Build.0 = Release|Any CPU
		{922A368D-7ABA-4BA5-A355-65DB8A173FB5}.AppStore|Any CPU.Deploy.0 = Release|Any CPU
		{922A368D-7ABA-4BA5-A355-65DB8A173FB5}.AppStore|iPhone.ActiveCfg = Release|Any CPU
		{922A368D-7ABA-4BA5-A355-65DB8A173FB5}.AppStore|iPhone.Build.0 = Release|Any CPU
		{922A368D-7ABA-4BA5-A355-65DB8A173FB5}.AppStore|iPhone.Deploy.0 = Release|Any CPU
		{922A368D-7ABA-4BA5-A355-65DB8A173FB5}.AppStore|iPhoneSimulator.ActiveCfg = Release|Any CPU
		{922A368D-7ABA-4BA5-A355-65DB8A173FB5}.AppStore|iPhoneSimulator.Build.0 = Release|Any CPU
		{922A368D-7ABA-4BA5-A355-65DB8A173FB5}.AppStore|iPhoneSimulator.Deploy.0 = Release|Any CPU
		{922A368D-7ABA-4BA5-A355-65DB8A173FB5}.Debug|Any CPU.ActiveCfg = Debug|Any CPU
		{922A368D-7ABA-4BA5-A355-65DB8A173FB5}.Debug|Any CPU.Build.0 = Debug|Any CPU
		{922A368D-7ABA-4BA5-A355-65DB8A173FB5}.Debug|Any CPU.Deploy.0 = Debug|Any CPU
		{922A368D-7ABA-4BA5-A355-65DB8A173FB5}.Debug|iPhone.ActiveCfg = Debug|Any CPU
		{922A368D-7ABA-4BA5-A355-65DB8A173FB5}.Debug|iPhone.Build.0 = Debug|Any CPU
		{922A368D-7ABA-4BA5-A355-65DB8A173FB5}.Debug|iPhone.Deploy.0 = Debug|Any CPU
		{922A368D-7ABA-4BA5-A355-65DB8A173FB5}.Debug|iPhoneSimulator.ActiveCfg = Debug|Any CPU
		{922A368D-7ABA-4BA5-A355-65DB8A173FB5}.Debug|iPhoneSimulator.Build.0 = Debug|Any CPU
		{922A368D-7ABA-4BA5-A355-65DB8A173FB5}.Debug|iPhoneSimulator.Deploy.0 = Debug|Any CPU
		{922A368D-7ABA-4BA5-A355-65DB8A173FB5}.Release|Any CPU.ActiveCfg = Release|Any CPU
		{922A368D-7ABA-4BA5-A355-65DB8A173FB5}.Release|Any CPU.Build.0 = Release|Any CPU
		{922A368D-7ABA-4BA5-A355-65DB8A173FB5}.Release|Any CPU.Deploy.0 = Release|Any CPU
		{922A368D-7ABA-4BA5-A355-65DB8A173FB5}.Release|iPhone.ActiveCfg = Release|Any CPU
		{922A368D-7ABA-4BA5-A355-65DB8A173FB5}.Release|iPhone.Build.0 = Release|Any CPU
		{922A368D-7ABA-4BA5-A355-65DB8A173FB5}.Release|iPhone.Deploy.0 = Release|Any CPU
		{922A368D-7ABA-4BA5-A355-65DB8A173FB5}.Release|iPhoneSimulator.ActiveCfg = Release|Any CPU
		{922A368D-7ABA-4BA5-A355-65DB8A173FB5}.Release|iPhoneSimulator.Build.0 = Release|Any CPU
		{922A368D-7ABA-4BA5-A355-65DB8A173FB5}.Release|iPhoneSimulator.Deploy.0 = Release|Any CPU
		{D82ABE92-2E62-4061-9466-1EE4EB2EC77F}.Ad-Hoc|Any CPU.ActiveCfg = Ad-Hoc|iPhone
		{D82ABE92-2E62-4061-9466-1EE4EB2EC77F}.Ad-Hoc|Any CPU.Build.0 = Ad-Hoc|iPhone
		{D82ABE92-2E62-4061-9466-1EE4EB2EC77F}.Ad-Hoc|Any CPU.Deploy.0 = Ad-Hoc|iPhone
		{D82ABE92-2E62-4061-9466-1EE4EB2EC77F}.Ad-Hoc|iPhone.ActiveCfg = Ad-Hoc|iPhone
		{D82ABE92-2E62-4061-9466-1EE4EB2EC77F}.Ad-Hoc|iPhone.Build.0 = Ad-Hoc|iPhone
		{D82ABE92-2E62-4061-9466-1EE4EB2EC77F}.Ad-Hoc|iPhone.Deploy.0 = Ad-Hoc|iPhone
		{D82ABE92-2E62-4061-9466-1EE4EB2EC77F}.Ad-Hoc|iPhoneSimulator.ActiveCfg = Ad-Hoc|iPhoneSimulator
		{D82ABE92-2E62-4061-9466-1EE4EB2EC77F}.Ad-Hoc|iPhoneSimulator.Build.0 = Ad-Hoc|iPhoneSimulator
		{D82ABE92-2E62-4061-9466-1EE4EB2EC77F}.Ad-Hoc|iPhoneSimulator.Deploy.0 = Ad-Hoc|iPhoneSimulator
		{D82ABE92-2E62-4061-9466-1EE4EB2EC77F}.AppStore|Any CPU.ActiveCfg = AppStore|iPhone
		{D82ABE92-2E62-4061-9466-1EE4EB2EC77F}.AppStore|Any CPU.Build.0 = AppStore|iPhone
		{D82ABE92-2E62-4061-9466-1EE4EB2EC77F}.AppStore|Any CPU.Deploy.0 = AppStore|iPhone
		{D82ABE92-2E62-4061-9466-1EE4EB2EC77F}.AppStore|iPhone.ActiveCfg = AppStore|iPhone
		{D82ABE92-2E62-4061-9466-1EE4EB2EC77F}.AppStore|iPhone.Build.0 = AppStore|iPhone
		{D82ABE92-2E62-4061-9466-1EE4EB2EC77F}.AppStore|iPhone.Deploy.0 = AppStore|iPhone
		{D82ABE92-2E62-4061-9466-1EE4EB2EC77F}.AppStore|iPhoneSimulator.ActiveCfg = AppStore|iPhoneSimulator
		{D82ABE92-2E62-4061-9466-1EE4EB2EC77F}.AppStore|iPhoneSimulator.Build.0 = AppStore|iPhoneSimulator
		{D82ABE92-2E62-4061-9466-1EE4EB2EC77F}.AppStore|iPhoneSimulator.Deploy.0 = AppStore|iPhoneSimulator
		{D82ABE92-2E62-4061-9466-1EE4EB2EC77F}.Debug|Any CPU.ActiveCfg = Debug|iPhoneSimulator
		{D82ABE92-2E62-4061-9466-1EE4EB2EC77F}.Debug|Any CPU.Build.0 = Debug|iPhoneSimulator
		{D82ABE92-2E62-4061-9466-1EE4EB2EC77F}.Debug|Any CPU.Deploy.0 = Debug|iPhoneSimulator
		{D82ABE92-2E62-4061-9466-1EE4EB2EC77F}.Debug|iPhone.ActiveCfg = Debug|iPhone
		{D82ABE92-2E62-4061-9466-1EE4EB2EC77F}.Debug|iPhone.Build.0 = Debug|iPhone
		{D82ABE92-2E62-4061-9466-1EE4EB2EC77F}.Debug|iPhone.Deploy.0 = Debug|iPhone
		{D82ABE92-2E62-4061-9466-1EE4EB2EC77F}.Debug|iPhoneSimulator.ActiveCfg = Debug|iPhoneSimulator
		{D82ABE92-2E62-4061-9466-1EE4EB2EC77F}.Debug|iPhoneSimulator.Build.0 = Debug|iPhoneSimulator
		{D82ABE92-2E62-4061-9466-1EE4EB2EC77F}.Debug|iPhoneSimulator.Deploy.0 = Debug|iPhoneSimulator
		{D82ABE92-2E62-4061-9466-1EE4EB2EC77F}.Release|Any CPU.ActiveCfg = Release|iPhone
		{D82ABE92-2E62-4061-9466-1EE4EB2EC77F}.Release|Any CPU.Build.0 = Release|iPhone
		{D82ABE92-2E62-4061-9466-1EE4EB2EC77F}.Release|Any CPU.Deploy.0 = Release|iPhone
		{D82ABE92-2E62-4061-9466-1EE4EB2EC77F}.Release|iPhone.ActiveCfg = Release|iPhone
		{D82ABE92-2E62-4061-9466-1EE4EB2EC77F}.Release|iPhone.Build.0 = Release|iPhone
		{D82ABE92-2E62-4061-9466-1EE4EB2EC77F}.Release|iPhone.Deploy.0 = Release|iPhone
		{D82ABE92-2E62-4061-9466-1EE4EB2EC77F}.Release|iPhoneSimulator.ActiveCfg = Release|iPhoneSimulator
		{D82ABE92-2E62-4061-9466-1EE4EB2EC77F}.Release|iPhoneSimulator.Build.0 = Release|iPhoneSimulator
		{D82ABE92-2E62-4061-9466-1EE4EB2EC77F}.Release|iPhoneSimulator.Deploy.0 = Release|iPhoneSimulator
		{7D8E3A59-46A4-415B-A74E-7D0505ACA394}.Ad-Hoc|Any CPU.ActiveCfg = Debug|Any CPU
		{7D8E3A59-46A4-415B-A74E-7D0505ACA394}.Ad-Hoc|Any CPU.Build.0 = Debug|Any CPU
		{7D8E3A59-46A4-415B-A74E-7D0505ACA394}.Ad-Hoc|Any CPU.Deploy.0 = Debug|Any CPU
		{7D8E3A59-46A4-415B-A74E-7D0505ACA394}.Ad-Hoc|iPhone.ActiveCfg = Debug|Any CPU
		{7D8E3A59-46A4-415B-A74E-7D0505ACA394}.Ad-Hoc|iPhone.Build.0 = Debug|Any CPU
		{7D8E3A59-46A4-415B-A74E-7D0505ACA394}.Ad-Hoc|iPhone.Deploy.0 = Debug|Any CPU
		{7D8E3A59-46A4-415B-A74E-7D0505ACA394}.Ad-Hoc|iPhoneSimulator.ActiveCfg = Debug|Any CPU
		{7D8E3A59-46A4-415B-A74E-7D0505ACA394}.Ad-Hoc|iPhoneSimulator.Build.0 = Debug|Any CPU
		{7D8E3A59-46A4-415B-A74E-7D0505ACA394}.Ad-Hoc|iPhoneSimulator.Deploy.0 = Debug|Any CPU
		{7D8E3A59-46A4-415B-A74E-7D0505ACA394}.AppStore|Any CPU.ActiveCfg = Debug|Any CPU
		{7D8E3A59-46A4-415B-A74E-7D0505ACA394}.AppStore|Any CPU.Build.0 = Debug|Any CPU
		{7D8E3A59-46A4-415B-A74E-7D0505ACA394}.AppStore|Any CPU.Deploy.0 = Debug|Any CPU
		{7D8E3A59-46A4-415B-A74E-7D0505ACA394}.AppStore|iPhone.ActiveCfg = Debug|Any CPU
		{7D8E3A59-46A4-415B-A74E-7D0505ACA394}.AppStore|iPhone.Build.0 = Debug|Any CPU
		{7D8E3A59-46A4-415B-A74E-7D0505ACA394}.AppStore|iPhone.Deploy.0 = Debug|Any CPU
		{7D8E3A59-46A4-415B-A74E-7D0505ACA394}.AppStore|iPhoneSimulator.ActiveCfg = Debug|Any CPU
		{7D8E3A59-46A4-415B-A74E-7D0505ACA394}.AppStore|iPhoneSimulator.Build.0 = Debug|Any CPU
		{7D8E3A59-46A4-415B-A74E-7D0505ACA394}.AppStore|iPhoneSimulator.Deploy.0 = Debug|Any CPU
		{7D8E3A59-46A4-415B-A74E-7D0505ACA394}.Debug|Any CPU.ActiveCfg = Debug|Any CPU
		{7D8E3A59-46A4-415B-A74E-7D0505ACA394}.Debug|Any CPU.Build.0 = Debug|Any CPU
		{7D8E3A59-46A4-415B-A74E-7D0505ACA394}.Debug|Any CPU.Deploy.0 = Debug|Any CPU
		{7D8E3A59-46A4-415B-A74E-7D0505ACA394}.Debug|iPhone.ActiveCfg = Debug|Any CPU
		{7D8E3A59-46A4-415B-A74E-7D0505ACA394}.Debug|iPhone.Build.0 = Debug|Any CPU
		{7D8E3A59-46A4-415B-A74E-7D0505ACA394}.Debug|iPhone.Deploy.0 = Debug|Any CPU
		{7D8E3A59-46A4-415B-A74E-7D0505ACA394}.Debug|iPhoneSimulator.ActiveCfg = Debug|Any CPU
		{7D8E3A59-46A4-415B-A74E-7D0505ACA394}.Debug|iPhoneSimulator.Build.0 = Debug|Any CPU
		{7D8E3A59-46A4-415B-A74E-7D0505ACA394}.Debug|iPhoneSimulator.Deploy.0 = Debug|Any CPU
		{7D8E3A59-46A4-415B-A74E-7D0505ACA394}.Release|Any CPU.ActiveCfg = Release|Any CPU
		{7D8E3A59-46A4-415B-A74E-7D0505ACA394}.Release|Any CPU.Build.0 = Release|Any CPU
		{7D8E3A59-46A4-415B-A74E-7D0505ACA394}.Release|Any CPU.Deploy.0 = Release|Any CPU
		{7D8E3A59-46A4-415B-A74E-7D0505ACA394}.Release|iPhone.ActiveCfg = Release|Any CPU
		{7D8E3A59-46A4-415B-A74E-7D0505ACA394}.Release|iPhone.Build.0 = Release|Any CPU
		{7D8E3A59-46A4-415B-A74E-7D0505ACA394}.Release|iPhone.Deploy.0 = Release|Any CPU
		{7D8E3A59-46A4-415B-A74E-7D0505ACA394}.Release|iPhoneSimulator.ActiveCfg = Release|Any CPU
		{7D8E3A59-46A4-415B-A74E-7D0505ACA394}.Release|iPhoneSimulator.Build.0 = Release|Any CPU
		{7D8E3A59-46A4-415B-A74E-7D0505ACA394}.Release|iPhoneSimulator.Deploy.0 = Release|Any CPU
	EndGlobalSection
	GlobalSection(SolutionProperties) = preSolution
		HideSolutionNode = FALSE
	EndGlobalSection
	GlobalSection(ExtensibilityGlobals) = postSolution
		SolutionGuid = {169E217B-B81B-4B09-84B1-178731D7D08D}
	EndGlobalSection
EndGlobal
